# THIS IS AN AUTOGENERATED FILE. DO NOT EDIT THIS FILE DIRECTLY.
# yarn lockfile v1


"@gm-mobile/c-react@^2.0.0-alpha.17":
  version "2.0.0-alpha.17"
  resolved "https://registry.npmjs.org/@gm-mobile/c-react/-/components-2.0.0-alpha.17.tgz#5e6d5ae6de73c18463941e12bc801b618159feb2"
  integrity sha512-RTQnw9fPkEqaW2v5gP3m/Q8mwgX2DgkQQVW3MfdBlGRdRRm7dDYoc0dBu3i+2lqozl9bfMdrla//Z5lcWFB8Ew==
  dependencies:
    "@gm-mobile/mp-font" "^2.0.0-alpha.17"
    "@gm-mobile/locales" "^2.0.0-alpha.17"
    "@gm-mobile/c-tool" "^2.0.0-alpha.17"

"@gm-mobile/mp-font@^2.0.0-alpha.17":
  version "2.0.0-alpha.17"
  resolved "https://registry.npmjs.org/@gm-mobile/mp-font/-/font-2.0.0-alpha.17.tgz#ce4d80d1674949e5c56679ab077ee2a14ee5728f"
  integrity sha512-kT8xDXsZGHpJx5j+50VWHJkoHFR3xVwpJf4klLzEFwpJ5nT7Xq4g3h1PtOxjjqZudy25FpApCOuv3v7lkp9n5A==

"@gm-mobile/locales@^2.0.0-alpha.17":
  version "2.0.0-alpha.17"
  resolved "https://registry.npmjs.org/@gm-mobile/locales/-/locales-2.0.0-alpha.17.tgz#bbbb3a5e97fdc1749d85165960faa614e1de05ae"
  integrity sha512-72zMjG/Sk/tvjwOvpiVVN5YmcLZ3sLP21LYXMx1Wc/NiK9XjJCS7PHE0JCNNrdHAI2JZOED5PQHBQm+2jnyEqw==

"@gm-mobile/react@^2.0.0-alpha.17":
  version "2.0.0-alpha.17"
  resolved "https://registry.npmjs.org/@gm-mobile/react/-/react-2.0.0-alpha.17.tgz#9d6733fc3101ed835cd2e085a324e826c6828287"
  integrity sha512-fODahlXcAN7j6TVr9oztOe9pzOOWB7CBfvskSS3J1tfrtyUH3G1/MZLNZp8MhTC7jJELUrGBicF44Z/2UhH+cQ==
  dependencies:
    "@gm-mobile/c-react" "^2.0.0-alpha.17"
    "@gm-mobile/locales" "^2.0.0-alpha.17"
    "@gm-mobile/c-tool" "^2.0.0-alpha.17"

"@gm-mobile/service_time@^2.0.0-alpha.17":
  version "2.0.0-alpha.17"
  resolved "https://registry.npmjs.org/@gm-mobile/service_time/-/service_time-2.0.0-alpha.17.tgz#48642648080959e83e87217711f3ccf5b431bca0"
  integrity sha512-LVOiyCIkRp0nRx9lZ5mAR6z6wFcgS9JU/OTRL19XGDkkD4TUeEMW8qPy9MgKHHZZdc1rX33PSjhBi6eLe9FSDw==
  dependencies:
    "@gm-mobile/locales" "^2.0.0-alpha.17"
    "@gm-mobile/react" "^2.0.0-alpha.17"

"@gm-mobile/c-tool@^2.0.0-alpha.17":
  version "2.0.0-alpha.17"
  resolved "https://registry.npmjs.org/@gm-mobile/c-tool/-/tool-2.0.0-alpha.17.tgz#98ef0249ecfa650a06007e8bfce5c3829fe31225"
  integrity sha512-85/0/ApCBgJrWmmgjvOyFveyKIt8D6LJeG59FwYSUxi+AMsC4rZMy3ozq02RpQSRV12cpU/Z5FXsTb0FDRlp1g==
