# THIS IS AN AUTOGENERATED FILE. DO NOT EDIT THIS FILE DIRECTLY.
# yarn lockfile v1


"@gm-common/tool@^2.4.0":
  version "2.4.0"
  resolved "https://registry.yarnpkg.com/@gm-common/tool/-/tool-2.4.0.tgz#4abcbebd7dcae0320648cad7f15cc453bbecca9b"
  integrity sha512-7ZD+qz3ZWLx/OxSornLEJD8Mhu1jhBtbXXL4Jy1VpwuKOnqE39oZ+eSK4P2GEpNoFFhHXfOTPSJmNDuHQggtTA==
  dependencies:
    "@types/lodash" "^4.14.150"
    lodash "^4.17.15"

"@gm-mobile/locales@^2.0.0-alpha.12":
  version "2.0.0-alpha.12"
  resolved "https://registry.yarnpkg.com/@gm-mobile/locales/-/locales-2.0.0-alpha.12.tgz#f4540528b81b08ebf5ea120e115c28ead9143a05"
  integrity sha512-m6sakMSZWH/E5YOVc/telkDkZg8DbZpz5Ee9J6VzcyClMFZwFW8Gc/AL6J3DLHN7CPzBTwKrhzG/fRKSOfB27Q==

"@types/lodash@^4.14.150":
  version "4.14.156"
  resolved "https://registry.yarnpkg.com/@types/lodash/-/lodash-4.14.156.tgz#cbe30909c89a1feeb7c60803e785344ea0ec82d1"
  integrity sha512-l2AgHXcKUwx2DsvP19wtRPqZ4NkONjmorOdq4sMcxIjqdIuuV/ULo2ftuv4NUpevwfW7Ju/UKLqo0ZXuEt/8lQ==

lodash@^4.17.15:
  version "4.17.15"
  resolved "https://registry.yarnpkg.com/lodash/-/lodash-4.17.15.tgz#b447f6670a0455bbfeedd11392eff330ea097548"
  integrity sha512-8xOcRHvCjnocdS5cpwXQXVzmmh5e5+saE2QGoeQmbKmRS6J3VQppPOIt0MnmE+4xlZoumy0GPG0D0MVIQbNA1A==
