# THIS IS AN AUTOGENERATED FILE. DO NOT EDIT THIS FILE DIRECTLY.
# yarn lockfile v1


js-base64@^3.6.0:
  version "3.9.3"
  resolved "https://registry.npmjs.org/js-base64/-/js-base64-3.9.3.tgz#77b34aa20a765d150be687fc348d59fe7d022188"
  integrity sha512-uwYQp+VJ38FVvtim6qNbit6e9uT6dwWQ4Y1+H9TxhW5hcHjpHwoxlR0nMpqUmIFOmu4VqMxwdJA88gIVuZJQ/g==
