# THIS IS AN AUTOGENERATED FILE. DO NOT EDIT THIS FILE DIRECTLY.
# yarn lockfile v1


"@gm-mobile/c-font@^3.11.0-beta.0":
  version "3.11.0-beta.0"
  resolved "https://registry.npmmirror.com/@gm-mobile/c-font/-/c-font-3.11.0-beta.0.tgz#e25e30e6d23f894cee35f13b23b2daa30f5557b0"
  integrity sha512-fSx6L7CIJfTcJhKH3m6FYqyWexk+N4wZljNq2HvFXwed4OcaVRy+LjgwxjlkfTDpC9Ao3T4312GbUZ5Ou4oBvA==

"@gm-mobile/c-tool@^3.11.0-beta.0":
  version "3.11.0-beta.0"
  resolved "https://registry.npmmirror.com/@gm-mobile/c-tool/-/c-tool-3.11.0-beta.0.tgz#013a5c8161ab7b06021ba6aad9895200cce7eb09"
  integrity sha512-OBUPGJv4P04+bz4e3Mm11Tx1yAtxOGfQglian9038w/K0h/VNm2zMqB/WBWkrc3R0jFTD+UoyAVCojoLPPYtYQ==
  dependencies:
    lodash "^4.17.20"

"@gm-mobile/locales@^3.11.0-beta.0":
  version "3.11.0-beta.0"
  resolved "https://registry.npmmirror.com/@gm-mobile/locales/-/locales-3.11.0-beta.0.tgz#8d239da2503dfaf204f6a76f512b567ae9aa5e53"
  integrity sha512-ThlqjfFw0BUgyCsG1DG6NN9FP8jgMyhOWwSL5O4KD6s15+xEy9K/MCqA4lreLv1tSxPXocNa0cTTPUmaaxxOpg==

dayjs@^1.11.6:
  version "1.11.6"
  resolved "https://registry.npmmirror.com/dayjs/-/dayjs-1.11.6.tgz#2e79a226314ec3ec904e3ee1dd5a4f5e5b1c7afb"
  integrity sha512-zZbY5giJAinCG+7AGaw0wIhNZ6J8AhWuSXKvuc1KAyMiRsvGQWqh4L+MomvhdAYjN+lqvVCMq1I41e3YHvXkyQ==

lodash@^4.17.20:
  version "4.17.21"
  resolved "https://registry.npmmirror.com/lodash/-/lodash-4.17.21.tgz#679591c564c3bffaae8454cf0b3df370c3d6911c"
  integrity sha512-v2kDEe57lecTulaDIuNTPy3Ry4gLGJ6Z1O3vE1krgXZNrsQ+LFTGHVxVjcXPs17LhbZVGedAJv8XZ1tvj5FvSg==
