# THIS IS AN AUTOGENERATED FILE. DO NOT EDIT THIS FILE DIRECTLY.
# yarn lockfile v1


"@gm-mobile/c-font@^3.12.14-beta.0":
  version "3.12.14-beta.0"
  resolved "https://registry.npmjs.org/@gm-mobile/c-font/-/c-font-3.12.14-beta.0.tgz#4f3c65eb106e4b8b7e774c8db6807066d7d75538"
  integrity sha512-BL1ESrYgvGMrRiT9xyNRwq/TCTGOqGq+oF9VQvdshvoy8qr4Ib4t6fZvM5zvooqubXZ878nCHC59fKa+xYGLWQ==

"@gm-mobile/c-react@^3.12.14-beta.0":
  version "3.12.14-beta.0"
  resolved "https://registry.npmjs.org/@gm-mobile/c-react/-/c-react-3.12.14-beta.0.tgz#73dd72e197a1decfab79e8adcefa06f6dad73eb7"
  integrity sha512-FDQG/oEkSlFCMiCUT/+ddlu3WD6pXhQSZL6vVFzTQskiWDrPlQ0n8mGLCsMiDdxN/4I7X/nTEod6q9JCWxC6Hg==
  dependencies:
    "@gm-mobile/c-font" "^3.12.14-beta.0"
    "@gm-mobile/c-tool" "^3.12.14-beta.0"
    "@gm-mobile/locales" "^3.12.14-beta.0"
    dayjs "^1.11.6"

"@gm-mobile/c-tool@^3.12.14-beta.0":
  version "3.12.14-beta.0"
  resolved "https://registry.npmjs.org/@gm-mobile/c-tool/-/c-tool-3.12.14-beta.0.tgz#74511672f5eb25d51923cfc1439af2d4081430f4"
  integrity sha512-9tul1sU5MC0thFvp9Tmzhc/9YCGsqDyAYsCseqyj+sHSMK22ZLf55EcxMrgRyc9VG/NUWtjLjcry5KACW25p5Q==
  dependencies:
    lodash "^4.17.20"

"@gm-mobile/locales@^3.12.14-beta.0":
  version "3.12.14-beta.0"
  resolved "https://registry.npmjs.org/@gm-mobile/locales/-/locales-3.12.14-beta.0.tgz#39728444730a9e5c16f27d73948fc21f5f8f05c1"
  integrity sha512-h9L/UNVR0j9UAOQd4TqDDg2elki+MdsUvSvfxBmfJjjQ4aQdpLuvmhC+EuQ75k4K7cvxaVuA9Z2EQ56VNY5B3A==

dayjs@^1.11.6:
  version "1.11.6"
  resolved "https://registry.npmmirror.com/dayjs/-/dayjs-1.11.6.tgz#2e79a226314ec3ec904e3ee1dd5a4f5e5b1c7afb"
  integrity sha512-zZbY5giJAinCG+7AGaw0wIhNZ6J8AhWuSXKvuc1KAyMiRsvGQWqh4L+MomvhdAYjN+lqvVCMq1I41e3YHvXkyQ==

lodash@^4.17.20:
  version "4.18.1"
  resolved "https://registry.npmjs.org/lodash/-/lodash-4.18.1.tgz#ff2b66c1f6326d59513de2407bf881439812771c"
  integrity sha512-dMInicTPVE8d1e5otfwmmjlxkZoUpiVLwyeTdUsi/Caj/gfzzblBcCE5sRHV/AsjuCmxWrte2TNGSYuCeCq+0Q==
