# THIS IS AN AUTOGENERATED FILE. DO NOT EDIT THIS FILE DIRECTLY.
# yarn lockfile v1


"@gm-common/tool@^1.1.0":
  version "1.1.0"
  resolved "https://registry.npmjs.org/@gm-common/tool/-/tool-1.1.0.tgz#9c0f6c313fe324fea7d280d6b63447842fc63f0d"
  integrity sha512-u8LJRiq/UHVebD6oWfw8XZK9QIpIY71/c4dHAkT19WR/c7pTEtBuVtpzndbPOV2/Eb9VHt329xYAYRjDr03B2Q==
  dependencies:
    lodash "^4.17.15"

classnames@^2.2.6:
  version "2.2.6"
  resolved "https://registry.npmjs.org/classnames/-/classnames-2.2.6.tgz#43935bffdd291f326dad0a205309b38d00f650ce"
  integrity sha512-JR/iSQOSt+LQIWwrwEzJ9uk0xfN3mTVYMwt1Ir5mUcSN6pU+V4zQFFaJsclJbPuAUQH+yfWef6tm7l1quW3C8Q==

lodash@^4.17.15:
  version "4.17.15"
  resolved "https://registry.npmjs.org/lodash/-/lodash-4.17.15.tgz#b447f6670a0455bbfeedd11392eff330ea097548"
  integrity sha512-8xOcRHvCjnocdS5cpwXQXVzmmh5e5+saE2QGoeQmbKmRS6J3VQppPOIt0MnmE+4xlZoumy0GPG0D0MVIQbNA1A==
