{
  "name": "@gm-mobile/mp",
  "version": "3.9.2",
  "lockfileVersion": 1,
  "requires": true,
  "dependencies": {
    "@gm-mobile/c-react": {
      "version": "3.9.2",
      "requires": {
        "@gm-mobile/c-font": "^3.9.2",
        "@gm-mobile/c-tool": "^3.9.2",
        "@gm-mobile/locales": "^3.9.2"
      },
      "dependencies": {
        "@gm-mobile/c-font": {
          "version": "3.9.2"
        },
        "@gm-mobile/c-tool": {
          "version": "3.9.2",
          "requires": {
            "lodash": "^4.17.20"
          },
          "dependencies": {
            "lodash": {
              "version": "4.17.21"
            }
          }
        },
        "@gm-mobile/locales": {
          "version": "3.9.2",
          "resolved": "https://registry.npmjs.org/@gm-mobile/locales/-/locales-3.9.2.tgz",
          "integrity": "sha512-ElHG5oGoA5n9sYX7EqJ/hWOg7zlya9zaOAAjIqDirCnAnre4GW4Z6JKbvsPMzU9OmV+mingiVTcILG+PfQTrWw=="
        }
      }
    },
    "@gm-mobile/c-tool": {
      "version": "3.9.2",
      "requires": {
        "lodash": "^4.17.20"
      },
      "dependencies": {
        "lodash": {
          "version": "4.17.21"
        }
      }
    },
    "@gm-mobile/locales": {
      "version": "3.9.2"
    }
  }
}
